
Microsoft Visual Studio Solution File, Format Version 12.00
# Visual Studio 14
VisualStudioVersion = 14.0.25420.1
MinimumVisualStudioVersion = 10.0.40219.1
Project("{2150E333-8FDC-42A3-9474-1A3956D46DE8}") = "Solution Items", "Solution Items", "{4A963714-E666-4A4C-B62B-5742F2BB6567}"
	ProjectSection(SolutionItems) = preProject
		license.md = license.md
		README.md = README.md
	EndProjectSection
EndProject
Project("{2150E333-8FDC-42A3-9474-1A3956D46DE8}") = "src", "src", "{DF062A4D-92EB-4F54-BB80-B0E0BD948E67}"
EndProject
Project("{8BB2217D-0F2D-49D1-97BC-3654ED321F3B}") = "WeatherTest.SampleApi.Bbc", "src\WeatherTest.SampleApi.Bbc\WeatherTest.SampleApi.Bbc.xproj", "{D8520AF8-CEE6-43FE-890E-22065DB7B964}"
EndProject
Project("{8BB2217D-0F2D-49D1-97BC-3654ED321F3B}") = "WeatherTest.SampleApi.Accu", "src\WeatherTest.SampleApi.Accu\WeatherTest.SampleApi.Accu.xproj", "{93B493ED-A94E-4231-8A69-E32DE64151B8}"
EndProject
Project("{2150E333-8FDC-42A3-9474-1A3956D46DE8}") = "Application", "Application", "{17859B29-DCA2-4F8A-AA9E-F12DBB668C31}"
EndProject
Project("{FAE04EC0-301F-11D3-BF4B-00C04F79EFBC}") = "WeatherViewerApplication", "WeatherViewerApplication\WeatherViewerApplication.csproj", "{5AF52AC3-68E5-4AE3-9101-A4DDD5C97037}"
EndProject
Project("{FAE04EC0-301F-11D3-BF4B-00C04F79EFBC}") = "DataLibrary", "DataLibrary\DataLibrary.csproj", "{723D893C-F6B0-4E0F-B425-C6E042355322}"
EndProject
Project("{FAE04EC0-301F-11D3-BF4B-00C04F79EFBC}") = "WebTools", "WebTools\WebTools.csproj", "{921AACF9-F9B8-4037-889B-B363B8036D80}"
EndProject
Project("{FAE04EC0-301F-11D3-BF4B-00C04F79EFBC}") = "DataTools", "DataTools\DataTools.csproj", "{B1C7E7E1-B294-49A3-8DA3-D8EE253E6056}"
EndProject
Project("{FAE04EC0-301F-11D3-BF4B-00C04F79EFBC}") = "DataLibraryCore", "DataLibraryCore\DataLibraryCore.csproj", "{0BD66B56-C460-4523-9D50-9D5C96C1055D}"
EndProject
Project("{FAE04EC0-301F-11D3-BF4B-00C04F79EFBC}") = "DataToolsCore", "DataToolsCore\DataToolsCore.csproj", "{F25D9FD8-00FF-4A8A-9C0A-11335B6AAB47}"
EndProject
Project("{FAE04EC0-301F-11D3-BF4B-00C04F79EFBC}") = "CoreData", "CoreData\CoreData.csproj", "{98162552-588E-40C2-B881-E5DC0C18EA53}"
EndProject
Project("{2150E333-8FDC-42A3-9474-1A3956D46DE8}") = "UnitTests", "UnitTests", "{441E314C-BD37-4F1E-A9B6-75F3DB763645}"
EndProject
Project("{FAE04EC0-301F-11D3-BF4B-00C04F79EFBC}") = "BaseUnitTests", "BaseUnitTests\BaseUnitTests.csproj", "{87300334-8C6F-4B41-B289-251C73CC05FD}"
EndProject
Project("{FAE04EC0-301F-11D3-BF4B-00C04F79EFBC}") = "DataLibrary.UnitTests", "DataLibrary.UnitTests\DataLibrary.UnitTests.csproj", "{CA18CB3D-6B56-4A2F-BA95-0674B598B1A6}"
EndProject
Project("{FAE04EC0-301F-11D3-BF4B-00C04F79EFBC}") = "DataTools.UnitTests", "DataTools.UnitTests\DataTools.UnitTests.csproj", "{0CC914A2-C0BF-4A2D-8C55-EB6920AA9D47}"
EndProject
Project("{2150E333-8FDC-42A3-9474-1A3956D46DE8}") = "IntegrationTests", "IntegrationTests", "{C058952D-2164-4435-8052-3A1CEA1C1A19}"
EndProject
Project("{FAE04EC0-301F-11D3-BF4B-00C04F79EFBC}") = "DataLibrary.IntegrationTests", "DataLibrary.IntegrationTests\DataLibrary.IntegrationTests.csproj", "{D1B85542-F2B8-41F7-A537-F165593D9DE8}"
EndProject
Global
	GlobalSection(SolutionConfigurationPlatforms) = preSolution
		Debug|Any CPU = Debug|Any CPU
		Release|Any CPU = Release|Any CPU
	EndGlobalSection
	GlobalSection(ProjectConfigurationPlatforms) = postSolution
		{D8520AF8-CEE6-43FE-890E-22065DB7B964}.Debug|Any CPU.ActiveCfg = Debug|Any CPU
		{D8520AF8-CEE6-43FE-890E-22065DB7B964}.Debug|Any CPU.Build.0 = Debug|Any CPU
		{D8520AF8-CEE6-43FE-890E-22065DB7B964}.Release|Any CPU.ActiveCfg = Release|Any CPU
		{D8520AF8-CEE6-43FE-890E-22065DB7B964}.Release|Any CPU.Build.0 = Release|Any CPU
		{93B493ED-A94E-4231-8A69-E32DE64151B8}.Debug|Any CPU.ActiveCfg = Debug|Any CPU
		{93B493ED-A94E-4231-8A69-E32DE64151B8}.Debug|Any CPU.Build.0 = Debug|Any CPU
		{93B493ED-A94E-4231-8A69-E32DE64151B8}.Release|Any CPU.ActiveCfg = Release|Any CPU
		{93B493ED-A94E-4231-8A69-E32DE64151B8}.Release|Any CPU.Build.0 = Release|Any CPU
		{5AF52AC3-68E5-4AE3-9101-A4DDD5C97037}.Debug|Any CPU.ActiveCfg = Debug|Any CPU
		{5AF52AC3-68E5-4AE3-9101-A4DDD5C97037}.Debug|Any CPU.Build.0 = Debug|Any CPU
		{5AF52AC3-68E5-4AE3-9101-A4DDD5C97037}.Release|Any CPU.ActiveCfg = Release|Any CPU
		{5AF52AC3-68E5-4AE3-9101-A4DDD5C97037}.Release|Any CPU.Build.0 = Release|Any CPU
		{723D893C-F6B0-4E0F-B425-C6E042355322}.Debug|Any CPU.ActiveCfg = Debug|Any CPU
		{723D893C-F6B0-4E0F-B425-C6E042355322}.Debug|Any CPU.Build.0 = Debug|Any CPU
		{723D893C-F6B0-4E0F-B425-C6E042355322}.Release|Any CPU.ActiveCfg = Release|Any CPU
		{723D893C-F6B0-4E0F-B425-C6E042355322}.Release|Any CPU.Build.0 = Release|Any CPU
		{921AACF9-F9B8-4037-889B-B363B8036D80}.Debug|Any CPU.ActiveCfg = Debug|Any CPU
		{921AACF9-F9B8-4037-889B-B363B8036D80}.Debug|Any CPU.Build.0 = Debug|Any CPU
		{921AACF9-F9B8-4037-889B-B363B8036D80}.Release|Any CPU.ActiveCfg = Release|Any CPU
		{921AACF9-F9B8-4037-889B-B363B8036D80}.Release|Any CPU.Build.0 = Release|Any CPU
		{B1C7E7E1-B294-49A3-8DA3-D8EE253E6056}.Debug|Any CPU.ActiveCfg = Debug|Any CPU
		{B1C7E7E1-B294-49A3-8DA3-D8EE253E6056}.Debug|Any CPU.Build.0 = Debug|Any CPU
		{B1C7E7E1-B294-49A3-8DA3-D8EE253E6056}.Release|Any CPU.ActiveCfg = Release|Any CPU
		{B1C7E7E1-B294-49A3-8DA3-D8EE253E6056}.Release|Any CPU.Build.0 = Release|Any CPU
		{0BD66B56-C460-4523-9D50-9D5C96C1055D}.Debug|Any CPU.ActiveCfg = Debug|Any CPU
		{0BD66B56-C460-4523-9D50-9D5C96C1055D}.Debug|Any CPU.Build.0 = Debug|Any CPU
		{0BD66B56-C460-4523-9D50-9D5C96C1055D}.Release|Any CPU.ActiveCfg = Release|Any CPU
		{0BD66B56-C460-4523-9D50-9D5C96C1055D}.Release|Any CPU.Build.0 = Release|Any CPU
		{F25D9FD8-00FF-4A8A-9C0A-11335B6AAB47}.Debug|Any CPU.ActiveCfg = Debug|Any CPU
		{F25D9FD8-00FF-4A8A-9C0A-11335B6AAB47}.Debug|Any CPU.Build.0 = Debug|Any CPU
		{F25D9FD8-00FF-4A8A-9C0A-11335B6AAB47}.Release|Any CPU.ActiveCfg = Release|Any CPU
		{F25D9FD8-00FF-4A8A-9C0A-11335B6AAB47}.Release|Any CPU.Build.0 = Release|Any CPU
		{98162552-588E-40C2-B881-E5DC0C18EA53}.Debug|Any CPU.ActiveCfg = Debug|Any CPU
		{98162552-588E-40C2-B881-E5DC0C18EA53}.Debug|Any CPU.Build.0 = Debug|Any CPU
		{98162552-588E-40C2-B881-E5DC0C18EA53}.Release|Any CPU.ActiveCfg = Release|Any CPU
		{98162552-588E-40C2-B881-E5DC0C18EA53}.Release|Any CPU.Build.0 = Release|Any CPU
		{87300334-8C6F-4B41-B289-251C73CC05FD}.Debug|Any CPU.ActiveCfg = Debug|Any CPU
		{87300334-8C6F-4B41-B289-251C73CC05FD}.Debug|Any CPU.Build.0 = Debug|Any CPU
		{87300334-8C6F-4B41-B289-251C73CC05FD}.Release|Any CPU.ActiveCfg = Release|Any CPU
		{87300334-8C6F-4B41-B289-251C73CC05FD}.Release|Any CPU.Build.0 = Release|Any CPU
		{CA18CB3D-6B56-4A2F-BA95-0674B598B1A6}.Debug|Any CPU.ActiveCfg = Debug|Any CPU
		{CA18CB3D-6B56-4A2F-BA95-0674B598B1A6}.Debug|Any CPU.Build.0 = Debug|Any CPU
		{CA18CB3D-6B56-4A2F-BA95-0674B598B1A6}.Release|Any CPU.ActiveCfg = Release|Any CPU
		{CA18CB3D-6B56-4A2F-BA95-0674B598B1A6}.Release|Any CPU.Build.0 = Release|Any CPU
		{0CC914A2-C0BF-4A2D-8C55-EB6920AA9D47}.Debug|Any CPU.ActiveCfg = Debug|Any CPU
		{0CC914A2-C0BF-4A2D-8C55-EB6920AA9D47}.Debug|Any CPU.Build.0 = Debug|Any CPU
		{0CC914A2-C0BF-4A2D-8C55-EB6920AA9D47}.Release|Any CPU.ActiveCfg = Release|Any CPU
		{0CC914A2-C0BF-4A2D-8C55-EB6920AA9D47}.Release|Any CPU.Build.0 = Release|Any CPU
		{D1B85542-F2B8-41F7-A537-F165593D9DE8}.Debug|Any CPU.ActiveCfg = Debug|Any CPU
		{D1B85542-F2B8-41F7-A537-F165593D9DE8}.Debug|Any CPU.Build.0 = Debug|Any CPU
		{D1B85542-F2B8-41F7-A537-F165593D9DE8}.Release|Any CPU.ActiveCfg = Release|Any CPU
		{D1B85542-F2B8-41F7-A537-F165593D9DE8}.Release|Any CPU.Build.0 = Release|Any CPU
	EndGlobalSection
	GlobalSection(SolutionProperties) = preSolution
		HideSolutionNode = FALSE
	EndGlobalSection
	GlobalSection(NestedProjects) = preSolution
		{D8520AF8-CEE6-43FE-890E-22065DB7B964} = {DF062A4D-92EB-4F54-BB80-B0E0BD948E67}
		{93B493ED-A94E-4231-8A69-E32DE64151B8} = {DF062A4D-92EB-4F54-BB80-B0E0BD948E67}
		{5AF52AC3-68E5-4AE3-9101-A4DDD5C97037} = {17859B29-DCA2-4F8A-AA9E-F12DBB668C31}
		{723D893C-F6B0-4E0F-B425-C6E042355322} = {17859B29-DCA2-4F8A-AA9E-F12DBB668C31}
		{921AACF9-F9B8-4037-889B-B363B8036D80} = {17859B29-DCA2-4F8A-AA9E-F12DBB668C31}
		{B1C7E7E1-B294-49A3-8DA3-D8EE253E6056} = {17859B29-DCA2-4F8A-AA9E-F12DBB668C31}
		{0BD66B56-C460-4523-9D50-9D5C96C1055D} = {17859B29-DCA2-4F8A-AA9E-F12DBB668C31}
		{F25D9FD8-00FF-4A8A-9C0A-11335B6AAB47} = {17859B29-DCA2-4F8A-AA9E-F12DBB668C31}
		{98162552-588E-40C2-B881-E5DC0C18EA53} = {17859B29-DCA2-4F8A-AA9E-F12DBB668C31}
		{87300334-8C6F-4B41-B289-251C73CC05FD} = {441E314C-BD37-4F1E-A9B6-75F3DB763645}
		{CA18CB3D-6B56-4A2F-BA95-0674B598B1A6} = {441E314C-BD37-4F1E-A9B6-75F3DB763645}
		{0CC914A2-C0BF-4A2D-8C55-EB6920AA9D47} = {441E314C-BD37-4F1E-A9B6-75F3DB763645}
		{D1B85542-F2B8-41F7-A537-F165593D9DE8} = {C058952D-2164-4435-8052-3A1CEA1C1A19}
	EndGlobalSection
EndGlobal
